// !$*UTF8*$!
{
	archiveVersion = 1;
	classes = {
	};
	objectVersion = 50;
	objects = {

/* Begin PBXBuildFile section */
		F534ADAA23E0A50700BB8D74 /* UIView_Extensions.swift in Sources */ = {isa = PBXBuildFile; fileRef = F534ADA923E0A50700BB8D74 /* UIView_Extensions.swift */; };
		F534ADAC23E0A51600BB8D74 /* UIColro_Extensions.swift in Sources */ = {isa = PBXBuildFile; fileRef = F534ADAB23E0A51600BB8D74 /* UIColro_Extensions.swift */; };
		F5B0371723E0A0C3001A725D /* AppDelegate.swift in Sources */ = {isa = PBXBuildFile; fileRef = F5B0371623E0A0C3001A725D /* AppDelegate.swift */; };
		F5B0371923E0A0C3001A725D /* SceneDelegate.swift in Sources */ = {isa = PBXBuildFile; fileRef = F5B0371823E0A0C3001A725D /* SceneDelegate.swift */; };
		F5B0371B23E0A0C3001A725D /* ViewController.swift in Sources */ = {isa = PBXBuildFile; fileRef = F5B0371A23E0A0C3001A725D /* ViewController.swift */; };
		F5B0372023E0A0C4001A725D /* Assets.xcassets in Resources */ = {isa = PBXBuildFile; fileRef = F5B0371F23E0A0C4001A725D /* Assets.xcassets */; };
		F5B0372323E0A0C4001A725D /* LaunchScreen.storyboard in Resources */ = {isa = PBXBuildFile; fileRef = F5B0372123E0A0C4001A725D /* LaunchScreen.storyboard */; };
/* End PBXBuildFile section */

/* Begin PBXFileReference section */
		F534ADA923E0A50700BB8D74 /* UIView_Extensions.swift */ = {isa = PBXFileReference; lastKnownFileType = sourcecode.swift; path = UIView_Extensions.swift; sourceTree = "<group>"; };
		F534ADAB23E0A51600BB8D74 /* UIColro_Extensions.swift */ = {isa = PBXFileReference; lastKnownFileType = sourcecode.swift; path = UIColro_Extensions.swift; sourceTree = "<group>"; };
		F5B0371323E0A0C3001A725D /* PayPal.app */ = {isa = PBXFileReference; explicitFileType = wrapper.application; includeInIndex = 0; path = PayPal.app; sourceTree = BUILT_PRODUCTS_DIR; };
		F5B0371623E0A0C3001A725D /* AppDelegate.swift */ = {isa = PBXFileReference; lastKnownFileType = sourcecode.swift; path = AppDelegate.swift; sourceTree = "<group>"; };
		F5B0371823E0A0C3001A725D /* SceneDelegate.swift */ = {isa = PBXFileReference; lastKnownFileType = sourcecode.swift; path = SceneDelegate.swift; sourceTree = "<group>"; };
		F5B0371A23E0A0C3001A725D /* ViewController.swift */ = {isa = PBXFileReference; lastKnownFileType = sourcecode.swift; path = ViewController.swift; sourceTree = "<group>"; };
		F5B0371F23E0A0C4001A725D /* Assets.xcassets */ = {isa = PBXFileReference; lastKnownFileType = folder.assetcatalog; path = Assets.xcassets; sourceTree = "<group>"; };
		F5B0372223E0A0C4001A725D /* Base */ = {isa = PBXFileReference; lastKnownFileType = file.storyboard; name = Base; path = Base.lproj/LaunchScreen.storyboard; sourceTree = "<group>"; };
		F5B0372423E0A0C4001A725D /* Info.plist */ = {isa = PBXFileReference; lastKnownFileType = text.plist.xml; path = Info.plist; sourceTree = "<group>"; };
/* End PBXFileReference section */

/* Begin PBXFrameworksBuildPhase section */
		F5B0371023E0A0C3001A725D /* Frameworks */ = {
			isa = PBXFrameworksBuildPhase;
			buildActionMask = 2147483647;
			files = (
			);
			runOnlyForDeploymentPostprocessing = 0;
		};
/* End PBXFrameworksBuildPhase section */

/* Begin PBXGroup section */
		F534ADA823E0A4EE00BB8D74 /* Extensions */ = {
			isa = PBXGroup;
			children = (
				F534ADA923E0A50700BB8D74 /* UIView_Extensions.swift */,
				F534ADAB23E0A51600BB8D74 /* UIColro_Extensions.swift */,
			);
			path = Extensions;
			sourceTree = "<group>";
		};
		F5B0370A23E0A0C3001A725D = {
			isa = PBXGroup;
			children = (
				F5B0371523E0A0C3001A725D /* PayPal */,
				F5B0371423E0A0C3001A725D /* Products */,
			);
			sourceTree = "<group>";
		};
		F5B0371423E0A0C3001A725D /* Products */ = {
			isa = PBXGroup;
			children = (
				F5B0371323E0A0C3001A725D /* PayPal.app */,
			);
			name = Products;
			sourceTree = "<group>";
		};
		F5B0371523E0A0C3001A725D /* PayPal */ = {
			isa = PBXGroup;
			children = (
				F534ADA823E0A4EE00BB8D74 /* Extensions */,
				F5B0371623E0A0C3001A725D /* AppDelegate.swift */,
				F5B0371823E0A0C3001A725D /* SceneDelegate.swift */,
				F5B0371A23E0A0C3001A725D /* ViewController.swift */,
				F5B0371F23E0A0C4001A725D /* Assets.xcassets */,
				F5B0372123E0A0C4001A725D /* LaunchScreen.storyboard */,
				F5B0372423E0A0C4001A725D /* Info.plist */,
			);
			path = PayPal;
			sourceTree = "<group>";
		};
/* End PBXGroup section */

/* Begin PBXNativeTarget section */
		F5B0371223E0A0C3001A725D /* PayPal */ = {
			isa = PBXNativeTarget;
			buildConfigurationList = F5B0372723E0A0C4001A725D /* Build configuration list for PBXNativeTarget "PayPal" */;
			buildPhases = (
				F5B0370F23E0A0C3001A725D /* Sources */,
				F5B0371023E0A0C3001A725D /* Frameworks */,
				F5B0371123E0A0C3001A725D /* Resources */,
			);
			buildRules = (
			);
			dependencies = (
			);
			name = PayPal;
			productName = PayPal;
			productReference = F5B0371323E0A0C3001A725D /* PayPal.app */;
			productType = "com.apple.product-type.application";
		};
/* End PBXNativeTarget section */

/* Begin PBXProject section */
		F5B0370B23E0A0C3001A725D /* Project object */ = {
			isa = PBXProject;
			attributes = {
				LastSwiftUpdateCheck = 1130;
				LastUpgradeCheck = 1130;
				ORGANIZATIONNAME = "Harsha Vardhan Sannareddy";
				TargetAttributes = {
					F5B0371223E0A0C3001A725D = {
						CreatedOnToolsVersion = 11.3.1;
					};
				};
			};
			buildConfigurationList = F5B0370E23E0A0C3001A725D /* Build configuration list for PBXProject "PayPal" */;
			compatibilityVersion = "Xcode 9.3";
			developmentRegion = en;
			hasScannedForEncodings = 0;
			knownRegions = (
				en,
				Base,
			);
			mainGroup = F5B0370A23E0A0C3001A725D;
			productRefGroup = F5B0371423E0A0C3001A725D /* Products */;
			projectDirPath = "";
			projectRoot = "";
			targets = (
				F5B0371223E0A0C3001A725D /* PayPal */,
			);
		};
/* End PBXProject section */

/* Begin PBXResourcesBuildPhase section */
		F5B0371123E0A0C3001A725D /* Resources */ = {
			isa = PBXResourcesBuildPhase;
			buildActionMask = 2147483647;
			files = (
				F5B0372323E0A0C4001A725D /* LaunchScreen.storyboard in Resources */,
				F5B0372023E0A0C4001A725D /* Assets.xcassets in Resources */,
			);
			runOnlyForDeploymentPostprocessing = 0;
		};
/* End PBXResourcesBuildPhase section */

/* Begin PBXSourcesBuildPhase section */
		F5B0370F23E0A0C3001A725D /* Sources */ = {
			isa = PBXSourcesBuildPhase;
			buildActionMask = 2147483647;
			files = (
				F5B0371B23E0A0C3001A725D /* ViewController.swift in Sources */,
				F5B0371723E0A0C3001A725D /* AppDelegate.swift in Sources */,
				F534ADAA23E0A50700BB8D74 /* UIView_Extensions.swift in Sources */,
				F534ADAC23E0A51600BB8D74 /* UIColro_Extensions.swift in Sources */,
				F5B0371923E0A0C3001A725D /* SceneDelegate.swift in Sources */,
			);
			runOnlyForDeploymentPostprocessing = 0;
		};
/* End PBXSourcesBuildPhase section */

/* Begin PBXVariantGroup section */
		F5B0372123E0A0C4001A725D /* LaunchScreen.storyboard */ = {
			isa = PBXVariantGroup;
			children = (
				F5B0372223E0A0C4001A725D /* Base */,
			);
			name = LaunchScreen.storyboard;
			sourceTree = "<group>";
		};
/* End PBXVariantGroup section */

/* Begin XCBuildConfiguration section */
		F5B0372523E0A0C4001A725D /* Debug */ = {
			isa = XCBuildConfiguration;
			buildSettings = {
				ALWAYS_SEARCH_USER_PATHS = NO;
				CLANG_ANALYZER_NONNULL = YES;
				CLANG_ANALYZER_NUMBER_OBJECT_CONVERSION = YES_AGGRESSIVE;
				CLANG_CXX_LANGUAGE_STANDARD = "gnu++14";
				CLANG_CXX_LIBRARY = "libc++";
				CLANG_ENABLE_MODULES = YES;
				CLANG_ENABLE_OBJC_ARC = YES;
				CLANG_ENABLE_OBJC_WEAK = YES;
				CLANG_WARN_BLOCK_CAPTURE_AUTORELEASING = YES;
				CLANG_WARN_BOOL_CONVERSION = YES;
				CLANG_WARN_COMMA = YES;
				CLANG_WARN_CONSTANT_CONVERSION = YES;
				CLANG_WARN_DEPRECATED_OBJC_IMPLEMENTATIONS = YES;
				CLANG_WARN_DIRECT_OBJC_ISA_USAGE = YES_ERROR;
				CLANG_WARN_DOCUMENTATION_COMMENTS = YES;
				CLANG_WARN_EMPTY_BODY = YES;
				CLANG_WARN_ENUM_CONVERSION = YES;
				CLANG_WARN_INFINITE_RECURSION = YES;
				CLANG_WARN_INT_CONVERSION = YES;
				CLANG_WARN_NON_LITERAL_NULL_CONVERSION = YES;
				CLANG_WARN_OBJC_IMPLICIT_RETAIN_SELF = YES;
				CLANG_WARN_OBJC_LITERAL_CONVERSION = YES;
				CLANG_WARN_OBJC_ROOT_CLASS = YES_ERROR;
				CLANG_WARN_RANGE_LOOP_ANALYSIS = YES;
				CLANG_WARN_STRICT_PROTOTYPES = YES;
				CLANG_WARN_SUSPICIOUS_MOVE = YES;
				CLANG_WARN_UNGUARDED_AVAILABILITY = YES_AGGRESSIVE;
				CLANG_WARN_UNREACHABLE_CODE = YES;
				CLANG_WARN__DUPLICATE_METHOD_MATCH = YES;
				COPY_PHASE_STRIP = NO;
				DEBUG_INFORMATION_FORMAT = dwarf;
				ENABLE_STRICT_OBJC_MSGSEND = YES;
				ENABLE_TESTABILITY = YES;
				GCC_C_LANGUAGE_STANDARD = gnu11;
				GCC_DYNAMIC_NO_PIC = NO;
				GCC_NO_COMMON_BLOCKS = YES;
				GCC_OPTIMIZATION_LEVEL = 0;
				GCC_PREPROCESSOR_DEFINITIONS = (
					"DEBUG=1",
					"$(inherited)",
				);
				GCC_WARN_64_TO_32_BIT_CONVERSION = YES;
				GCC_WARN_ABOUT_RETURN_TYPE = YES_ERROR;
				GCC_WARN_UNDECLARED_SELECTOR = YES;
				GCC_WARN_UNINITIALIZED_AUTOS = YES_AGGRESSIVE;
				GCC_WARN_UNUSED_FUNCTION = YES;
				GCC_WARN_UNUSED_VARIABLE = YES;
				IPHONEOS_DEPLOYMENT_TARGET = 13.2;
				MTL_ENABLE_DEBUG_INFO = INCLUDE_SOURCE;
				MTL_FAST_MATH = YES;
				ONLY_ACTIVE_ARCH = YES;
				SDKROOT = iphoneos;
				SWIFT_ACTIVE_COMPILATION_CONDITIONS = DEBUG;
				SWIFT_OPTIMIZATION_LEVEL = "-Onone";
			};
			name = Debug;
		};
		F5B0372623E0A0C4001A725D /* Release */ = {
			isa = XCBuildConfiguration;
			buildSettings = {
				ALWAYS_SEARCH_USER_PATHS = NO;
				CLANG_ANALYZER_NONNULL = YES;
				CLANG_ANALYZER_NUMBER_OBJECT_CONVERSION = YES_AGGRESSIVE;
				CLANG_CXX_LANGUAGE_STANDARD = "gnu++14";
				CLANG_CXX_LIBRARY = "libc++";
				CLANG_ENABLE_MODULES = YES;
				CLANG_ENABLE_OBJC_ARC = YES;
				CLANG_ENABLE_OBJC_WEAK = YES;
				CLANG_WARN_BLOCK_CAPTURE_AUTORELEASING = YES;
				CLANG_WARN_BOOL_CONVERSION = YES;
				CLANG_WARN_COMMA = YES;
				CLANG_WARN_CONSTANT_CONVERSION = YES;
				CLANG_WARN_DEPRECATED_OBJC_IMPLEMENTATIONS = YES;
				CLANG_WARN_DIRECT_OBJC_ISA_USAGE = YES_ERROR;
				CLANG_WARN_DOCUMENTATION_COMMENTS = YES;
				CLANG_WARN_EMPTY_BODY = YES;
				CLANG_WARN_ENUM_CONVERSION = YES;
				CLANG_WARN_INFINITE_RECURSION = YES;
				CLANG_WARN_INT_CONVERSION = YES;
				CLANG_WARN_NON_LITERAL_NULL_CONVERSION = YES;
				CLANG_WARN_OBJC_IMPLICIT_RETAIN_SELF = YES;
				CLANG_WARN_OBJC_LITERAL_CONVERSION = YES;
				CLANG_WARN_OBJC_ROOT_CLASS = YES_ERROR;
				CLANG_WARN_RANGE_LOOP_ANALYSIS = YES;
				CLANG_WARN_STRICT_PROTOTYPES = YES;
				CLANG_WARN_SUSPICIOUS_MOVE = YES;
				CLANG_WARN_UNGUARDED_AVAILABILITY = YES_AGGRESSIVE;
				CLANG_WARN_UNREACHABLE_CODE = YES;
				CLANG_WARN__DUPLICATE_METHOD_MATCH = YES;
				COPY_PHASE_STRIP = NO;
				DEBUG_INFORMATION_FORMAT = "dwarf-with-dsym";
				ENABLE_NS_ASSERTIONS = NO;
				ENABLE_STRICT_OBJC_MSGSEND = YES;
				GCC_C_LANGUAGE_STANDARD = gnu11;
				GCC_NO_COMMON_BLOCKS = YES;
				GCC_WARN_64_TO_32_BIT_CONVERSION = YES;
				GCC_WARN_ABOUT_RETURN_TYPE = YES_ERROR;
				GCC_WARN_UNDECLARED_SELECTOR = YES;
				GCC_WARN_UNINITIALIZED_AUTOS = YES_AGGRESSIVE;
				GCC_WARN_UNUSED_FUNCTION = YES;
				GCC_WARN_UNUSED_VARIABLE = YES;
				IPHONEOS_DEPLOYMENT_TARGET = 13.2;
				MTL_ENABLE_DEBUG_INFO = NO;
				MTL_FAST_MATH = YES;
				SDKROOT = iphoneos;
				SWIFT_COMPILATION_MODE = wholemodule;
				SWIFT_OPTIMIZATION_LEVEL = "-O";
				VALIDATE_PRODUCT = YES;
			};
			name = Release;
		};
		F5B0372823E0A0C4001A725D /* Debug */ = {
			isa = XCBuildConfiguration;
			buildSettings = {
				ASSETCATALOG_COMPILER_APPICON_NAME = AppIcon;
				CODE_SIGN_STYLE = Automatic;
				DEVELOPMENT_TEAM = HD69UPVHGD;
				INFOPLIST_FILE = PayPal/Info.plist;
				LD_RUNPATH_SEARCH_PATHS = (
					"$(inherited)",
					"@executable_path/Frameworks",
				);
				PRODUCT_BUNDLE_IDENTIFIER = "Happy-Developers.PayPal";
				PRODUCT_NAME = "$(TARGET_NAME)";
				SWIFT_VERSION = 5.0;
				TARGETED_DEVICE_FAMILY = 1;
			};
			name = Debug;
		};
		F5B0372923E0A0C4001A725D /* Release */ = {
			isa = XCBuildConfiguration;
			buildSettings = {
				ASSETCATALOG_COMPILER_APPICON_NAME = AppIcon;
				CODE_SIGN_STYLE = Automatic;
				DEVELOPMENT_TEAM = HD69UPVHGD;
				INFOPLIST_FILE = PayPal/Info.plist;
				LD_RUNPATH_SEARCH_PATHS = (
					"$(inherited)",
					"@executable_path/Frameworks",
				);
				PRODUCT_BUNDLE_IDENTIFIER = "Happy-Developers.PayPal";
				PRODUCT_NAME = "$(TARGET_NAME)";
				SWIFT_VERSION = 5.0;
				TARGETED_DEVICE_FAMILY = 1;
			};
			name = Release;
		};
/* End XCBuildConfiguration section */

/* Begin XCConfigurationList section */
		F5B0370E23E0A0C3001A725D /* Build configuration list for PBXProject "PayPal" */ = {
			isa = XCConfigurationList;
			buildConfigurations = (
				F5B0372523E0A0C4001A725D /* Debug */,
				F5B0372623E0A0C4001A725D /* Release */,
			);
			defaultConfigurationIsVisible = 0;
			defaultConfigurationName = Release;
		};
		F5B0372723E0A0C4001A725D /* Build configuration list for PBXNativeTarget "PayPal" */ = {
			isa = XCConfigurationList;
			buildConfigurations = (
				F5B0372823E0A0C4001A725D /* Debug */,
				F5B0372923E0A0C4001A725D /* Release */,
			);
			defaultConfigurationIsVisible = 0;
			defaultConfigurationName = Release;
		};
/* End XCConfigurationList section */
	};
	rootObject = F5B0370B23E0A0C3001A725D /* Project object */;
}
